Microsoft Visual Studio Solution File, Format Version 12.00
# Visual Studio Version 17
VisualStudioVersion = 17.5.2.0
MinimumVisualStudioVersion = 10.0.40219.1
Project("{FAE04EC0-301F-11D3-BF4B-00C04F79EFBC}") = "HybridCache.Api", "HybridCache.Api\HybridCache.Api.csproj", "{BB11A44A-DC4D-4A74-B746-C2C024F610CD}"
EndProject
Project("{2150E333-8FDC-42A3-9474-1A3956D46DE8}") = "tests", "tests", "{7E9FD605-8EC3-4C36-89C8-076FE8DB7697}"
EndProject
Project("{FAE04EC0-301F-11D3-BF4B-00C04F79EFBC}") = "HybridCache.Api.Tests", "tests\HybridCache.Api.Tests\HybridCache.Api.Tests.csproj", "{6F030900-0EBB-46C8-9920-4739539E8B3B}"
EndProject
Project("{2150E333-8FDC-42A3-9474-1A3956D46DE8}") = "benchmarks", "benchmarks", "{AA7E9D63-78B0-42B1-AA36-7FECA1FAFECB}"
EndProject
Project("{FAE04EC0-301F-11D3-BF4B-00C04F79EFBC}") = "HybridCache.Benchmarks", "benchmarks\HybridCache.Benchmarks\HybridCache.Benchmarks.csproj", "{6341417C-968B-4050-A138-2C2D9882A210}"
EndProject
Global
	GlobalSection(SolutionConfigurationPlatforms) = preSolution
		Debug|Any CPU = Debug|Any CPU
		Release|Any CPU = Release|Any CPU
	EndGlobalSection
	GlobalSection(ProjectConfigurationPlatforms) = postSolution
		{BB11A44A-DC4D-4A74-B746-C2C024F610CD}.Debug|Any CPU.ActiveCfg = Debug|Any CPU
		{BB11A44A-DC4D-4A74-B746-C2C024F610CD}.Debug|Any CPU.Build.0 = Debug|Any CPU
		{BB11A44A-DC4D-4A74-B746-C2C024F610CD}.Release|Any CPU.ActiveCfg = Release|Any CPU
		{BB11A44A-DC4D-4A74-B746-C2C024F610CD}.Release|Any CPU.Build.0 = Release|Any CPU
		{6F030900-0EBB-46C8-9920-4739539E8B3B}.Debug|Any CPU.ActiveCfg = Debug|Any CPU
		{6F030900-0EBB-46C8-9920-4739539E8B3B}.Debug|Any CPU.Build.0 = Debug|Any CPU
		{6F030900-0EBB-46C8-9920-4739539E8B3B}.Release|Any CPU.ActiveCfg = Release|Any CPU
		{6F030900-0EBB-46C8-9920-4739539E8B3B}.Release|Any CPU.Build.0 = Release|Any CPU
		{6341417C-968B-4050-A138-2C2D9882A210}.Debug|Any CPU.ActiveCfg = Debug|Any CPU
		{6341417C-968B-4050-A138-2C2D9882A210}.Debug|Any CPU.Build.0 = Debug|Any CPU
		{6341417C-968B-4050-A138-2C2D9882A210}.Release|Any CPU.ActiveCfg = Release|Any CPU
		{6341417C-968B-4050-A138-2C2D9882A210}.Release|Any CPU.Build.0 = Release|Any CPU
	EndGlobalSection
	GlobalSection(SolutionProperties) = preSolution
		HideSolutionNode = FALSE
	EndGlobalSection
	GlobalSection(ExtensibilityGlobals) = postSolution
		SolutionGuid = {6C3123C3-DBCC-4D78-B733-BC04D69D7040}
	EndGlobalSection
	GlobalSection(NestedProjects) = preSolution
		{6F030900-0EBB-46C8-9920-4739539E8B3B} = {7E9FD605-8EC3-4C36-89C8-076FE8DB7697}
		{6341417C-968B-4050-A138-2C2D9882A210} = {AA7E9D63-78B0-42B1-AA36-7FECA1FAFECB}
	EndGlobalSection
EndGlobal
